
Microsoft Visual Studio Solution File, Format Version 12.00
# Visual Studio Version 16
VisualStudioVersion = 16.0.30413.136
MinimumVisualStudioVersion = 10.0.40219.1
Project("{FAE04EC0-301F-11D3-BF4B-00C04F79EFBC}") = "KoPapirOllo_Form", "KoPapirOllo_Form\KoPapirOllo_Form.csproj", "{A7FD0E75-232C-4D31-91FE-45D6782870AA}"
EndProject
Global
	GlobalSection(SolutionConfigurationPlatforms) = preSolution
		Debug|Any CPU = Debug|Any CPU
		Release|Any CPU = Release|Any CPU
	EndGlobalSection
	GlobalSection(ProjectConfigurationPlatforms) = postSolution
		{A7FD0E75-232C-4D31-91FE-45D6782870AA}.Debug|Any CPU.ActiveCfg = Debug|Any CPU
		{A7FD0E75-232C-4D31-91FE-45D6782870AA}.Debug|Any CPU.Build.0 = Debug|Any CPU
		{A7FD0E75-232C-4D31-91FE-45D6782870AA}.Release|Any CPU.ActiveCfg = Release|Any CPU
		{A7FD0E75-232C-4D31-91FE-45D6782870AA}.Release|Any CPU.Build.0 = Release|Any CPU
	EndGlobalSection
	GlobalSection(SolutionProperties) = preSolution
		HideSolutionNode = FALSE
	EndGlobalSection
	GlobalSection(ExtensibilityGlobals) = postSolution
		SolutionGuid = {BA2D8EC2-6D50-4BAB-BE21-396D6EEC303B}
	EndGlobalSection
EndGlobal
